{
  "name": "CLI network spatializer",
  "version": "1.0.0",
  "lockfileVersion": 2,
  "requires": true,
  "packages": {
    "": {
      "name": "CLI network spatializer",
      "version": "1.0.0",
      "license": "MIT",
      "dependencies": {
        "graphology": "^0.24.1",
        "graphology-communities-louvain": "^2.0.1",
        "graphology-gexf": "^0.10.2",
        "graphology-layout-forceatlas2": "^0.9.2",
        "graphology-metrics": "^2.1.0"
      }
    },
    "node_modules/@xmldom/xmldom": {
      "version": "0.7.5",
      "resolved": "https://registry.npmjs.org/@xmldom/xmldom/-/xmldom-0.7.5.tgz",
      "integrity": "sha512-V3BIhmY36fXZ1OtVcI9W+FxQqxVLsPKcNjWigIaa81dLC9IolJl5Mt4Cvhmr0flUnjSpTdrbMTSbXqYqV5dT6A==",
      "engines": {
        "node": ">=10.0.0"
      }
    },
    "node_modules/@yomguithereal/helpers": {
      "version": "1.1.1",
      "resolved": "https://registry.npmjs.org/@yomguithereal/helpers/-/helpers-1.1.1.tgz",
      "integrity": "sha512-UYvAq/XCA7xoh1juWDYsq3W0WywOB+pz8cgVnE1b45ZfdMhBvHDrgmSFG3jXeZSr2tMTYLGHFHON+ekG05Jebg=="
    },
    "node_modules/events": {
      "version": "3.3.0",
      "resolved": "https://registry.npmjs.org/events/-/events-3.3.0.tgz",
      "integrity": "sha512-mQw+2fkQbALzQ7V0MY0IqdnXNOeTtP4r0lN9z7AAawCXgqea7bDii20AYrIBrFd/Hx0M2Ocz6S111CaFkUcb0Q==",
      "engines": {
        "node": ">=0.8.x"
      }
    },
    "node_modules/graphology": {
      "version": "0.24.1",
      "resolved": "https://registry.npmjs.org/graphology/-/graphology-0.24.1.tgz",
      "integrity": "sha512-6lNz1PNTAe9Q6ioHKrXu0Lp047sgvOoHa4qmP/8mnJWCGv2iIZPQkuHPUb2/OWDWCqHpw2hKgJLJ55X/66xmHg==",
      "dependencies": {
        "events": "^3.3.0",
        "obliterator": "^2.0.2"
      },
      "peerDependencies": {
        "graphology-types": ">=0.24.0"
      }
    },
    "node_modules/graphology-communities-louvain": {
      "version": "2.0.1",
      "resolved": "https://registry.npmjs.org/graphology-communities-louvain/-/graphology-communities-louvain-2.0.1.tgz",
      "integrity": "sha512-JxEH8uxao6FcWp3UXNDJIRjU3pamzp9aqIWgpfAqWE66aPwHeBIB39YnqTgbe4baUJRdpbcp1u8jJiYvojHGIQ==",
      "dependencies": {
        "graphology-indices": "^0.17.0",
        "graphology-utils": "^2.4.4",
        "mnemonist": "^0.39.0",
        "pandemonium": "^2.3.0"
      },
      "peerDependencies": {
        "graphology-types": ">=0.19.0"
      }
    },
    "node_modules/graphology-gexf": {
      "version": "0.10.2",
      "resolved": "https://registry.npmjs.org/graphology-gexf/-/graphology-gexf-0.10.2.tgz",
      "integrity": "sha512-19NUICNaGcjqWadOwlfdMNdJ29HOKG8yusHVkn4bCTelaGgkgQUR4tCD76+ZLZM89yoh53VSUj5W93L70L4AdA==",
      "dependencies": {
        "@xmldom/xmldom": "^0.7.5",
        "graphology-operators": "^1.5.0",
        "graphology-utils": "^2.4.1",
        "xml-writer": "^1.7.0"
      },
      "peerDependencies": {
        "graphology-types": ">=0.20.0"
      }
    },
    "node_modules/graphology-indices": {
      "version": "0.17.0",
      "resolved": "https://registry.npmjs.org/graphology-indices/-/graphology-indices-0.17.0.tgz",
      "integrity": "sha512-A7RXuKQvdqSWOpn7ZVQo4S33O0vCfPBnUSf7FwE0zNCasqwZVUaCXePuWo5HBpWw68KJcwObZDHpFk6HKH6MYQ==",
      "dependencies": {
        "graphology-utils": "^2.4.2",
        "mnemonist": "^0.39.0"
      },
      "peerDependencies": {
        "graphology-types": ">=0.20.0"
      }
    },
    "node_modules/graphology-layout-forceatlas2": {
      "version": "0.9.2",
      "resolved": "https://registry.npmjs.org/graphology-layout-forceatlas2/-/graphology-layout-forceatlas2-0.9.2.tgz",
      "integrity": "sha512-VUF1xGnoq5qT0Svo03Bn4a31bA1ofPjakwpILD72J2N5t6g66hLQq/r8TKIx041DN7DATQZ0v6LnrA6Iyqs/Ow==",
      "dependencies": {
        "graphology-utils": "^2.1.0"
      },
      "peerDependencies": {
        "graphology-types": ">=0.19.0"
      }
    },
    "node_modules/graphology-metrics": {
      "version": "2.1.0",
      "resolved": "https://registry.npmjs.org/graphology-metrics/-/graphology-metrics-2.1.0.tgz",
      "integrity": "sha512-E+y4kgVGxhYl/+bPHEftJeWLS8LgVno4/Wvg+C7IoDIjY6OlIZghgMKDR8LKsxU6GC43mlx08FTZs229cvEkwQ==",
      "dependencies": {
        "graphology-shortest-path": "^2.0.0",
        "graphology-utils": "^2.4.4",
        "mnemonist": "^0.39.0"
      },
      "peerDependencies": {
        "graphology-types": ">=0.20.0"
      }
    },
    "node_modules/graphology-operators": {
      "version": "1.6.0",
      "resolved": "https://registry.npmjs.org/graphology-operators/-/graphology-operators-1.6.0.tgz",
      "integrity": "sha512-yfnVNsFd6plBw7r6Td4luGlNoQn9MKI56EZ/NcFcRmvu/D1R8eWHjpipNUdBjl5MVV8iSW8e/XuY8YsjRDnLoA==",
      "dependencies": {
        "graphology-utils": "^2.0.0"
      },
      "peerDependencies": {
        "graphology-types": ">=0.20.0"
      }
    },
    "node_modules/graphology-shortest-path": {
      "version": "2.0.1",
      "resolved": "https://registry.npmjs.org/graphology-shortest-path/-/graphology-shortest-path-2.0.1.tgz",
      "integrity": "sha512-IYDbhK5EO+eiHjEXL0S+kcxeKYq6eFAfekeGA4YxH+XiAFV4UjeOWnjS0KjxD5+guoDwZYG7jXySExrV93YukQ==",
      "dependencies": {
        "@yomguithereal/helpers": "^1.1.1",
        "graphology-indices": "^0.17.0",
        "graphology-utils": "^2.4.3",
        "mnemonist": "^0.39.0"
      },
      "peerDependencies": {
        "graphology-types": ">=0.20.0"
      }
    },
    "node_modules/graphology-types": {
      "version": "0.24.4",
      "resolved": "https://registry.npmjs.org/graphology-types/-/graphology-types-0.24.4.tgz",
      "integrity": "sha512-CSgmycWiviCctMFO86YoUTJN1t4/PLKC5Pos2Hite+7kCUXTr+mGlDUAOgpcKG1IfFaeL9VDmTjFpzs2rTnPWw==",
      "peer": true
    },
    "node_modules/graphology-utils": {
      "version": "2.5.2",
      "resolved": "https://registry.npmjs.org/graphology-utils/-/graphology-utils-2.5.2.tgz",
      "integrity": "sha512-ckHg8MXrXJkOARk56ZaSCM1g1Wihe2d6iTmz1enGOz4W/l831MBCKSayeFQfowgF8wd+PQ4rlch/56Vs/VZLDQ==",
      "peerDependencies": {
        "graphology-types": ">=0.23.0"
      }
    },
    "node_modules/mnemonist": {
      "version": "0.39.2",
      "resolved": "https://registry.npmjs.org/mnemonist/-/mnemonist-0.39.2.tgz",
      "integrity": "sha512-n3ZCEosuMH03DVivZ9N0fcXPWiZrBLEdfSlEJ+S/mJxmk3zuo1ur0dj9URDczFyP1VS3wfiyKzqLLDXoPJ6rPA==",
      "dependencies": {
        "obliterator": "^2.0.1"
      }
    },
    "node_modules/obliterator": {
      "version": "2.0.4",
      "resolved": "https://registry.npmjs.org/obliterator/-/obliterator-2.0.4.tgz",
      "integrity": "sha512-lgHwxlxV1qIg1Eap7LgIeoBWIMFibOjbrYPIPJZcI1mmGAI2m3lNYpK12Y+GBdPQ0U1hRwSord7GIaawz962qQ=="
    },
    "node_modules/pandemonium": {
      "version": "2.3.0",
      "resolved": "https://registry.npmjs.org/pandemonium/-/pandemonium-2.3.0.tgz",
      "integrity": "sha512-/+5rFCn3npqNwAvhKOSRKwAnEWQeXH4xFuur7vWKlj5Z7AM2JNJt1tC2rptfm1M7t7OlXAyeBuRjspqe+gQGHA==",
      "dependencies": {
        "mnemonist": "^0.39.0"
      }
    },
    "node_modules/xml-writer": {
      "version": "1.7.0",
      "resolved": "https://registry.npmjs.org/xml-writer/-/xml-writer-1.7.0.tgz",
      "integrity": "sha512-elFVMRiV5jb59fbc87zzVa0C01QLBEWP909mRuWqFqrYC5wNTH5QW4AaKMNv7d6zAsuOulkD7wnztZNLQW0Nfg==",
      "engines": {
        "node": ">=0.4.0"
      }
    }
  },
  "dependencies": {
    "@xmldom/xmldom": {
      "version": "0.7.5",
      "resolved": "https://registry.npmjs.org/@xmldom/xmldom/-/xmldom-0.7.5.tgz",
      "integrity": "sha512-V3BIhmY36fXZ1OtVcI9W+FxQqxVLsPKcNjWigIaa81dLC9IolJl5Mt4Cvhmr0flUnjSpTdrbMTSbXqYqV5dT6A=="
    },
    "@yomguithereal/helpers": {
      "version": "1.1.1",
      "resolved": "https://registry.npmjs.org/@yomguithereal/helpers/-/helpers-1.1.1.tgz",
      "integrity": "sha512-UYvAq/XCA7xoh1juWDYsq3W0WywOB+pz8cgVnE1b45ZfdMhBvHDrgmSFG3jXeZSr2tMTYLGHFHON+ekG05Jebg=="
    },
    "events": {
      "version": "3.3.0",
      "resolved": "https://registry.npmjs.org/events/-/events-3.3.0.tgz",
      "integrity": "sha512-mQw+2fkQbALzQ7V0MY0IqdnXNOeTtP4r0lN9z7AAawCXgqea7bDii20AYrIBrFd/Hx0M2Ocz6S111CaFkUcb0Q=="
    },
    "graphology": {
      "version": "0.24.1",
      "resolved": "https://registry.npmjs.org/graphology/-/graphology-0.24.1.tgz",
      "integrity": "sha512-6lNz1PNTAe9Q6ioHKrXu0Lp047sgvOoHa4qmP/8mnJWCGv2iIZPQkuHPUb2/OWDWCqHpw2hKgJLJ55X/66xmHg==",
      "requires": {
        "events": "^3.3.0",
        "obliterator": "^2.0.2"
      }
    },
    "graphology-communities-louvain": {
      "version": "2.0.1",
      "resolved": "https://registry.npmjs.org/graphology-communities-louvain/-/graphology-communities-louvain-2.0.1.tgz",
      "integrity": "sha512-JxEH8uxao6FcWp3UXNDJIRjU3pamzp9aqIWgpfAqWE66aPwHeBIB39YnqTgbe4baUJRdpbcp1u8jJiYvojHGIQ==",
      "requires": {
        "graphology-indices": "^0.17.0",
        "graphology-utils": "^2.4.4",
        "mnemonist": "^0.39.0",
        "pandemonium": "^2.3.0"
      }
    },
    "graphology-gexf": {
      "version": "0.10.2",
      "resolved": "https://registry.npmjs.org/graphology-gexf/-/graphology-gexf-0.10.2.tgz",
      "integrity": "sha512-19NUICNaGcjqWadOwlfdMNdJ29HOKG8yusHVkn4bCTelaGgkgQUR4tCD76+ZLZM89yoh53VSUj5W93L70L4AdA==",
      "requires": {
        "@xmldom/xmldom": "^0.7.5",
        "graphology-operators": "^1.5.0",
        "graphology-utils": "^2.4.1",
        "xml-writer": "^1.7.0"
      }
    },
    "graphology-indices": {
      "version": "0.17.0",
      "resolved": "https://registry.npmjs.org/graphology-indices/-/graphology-indices-0.17.0.tgz",
      "integrity": "sha512-A7RXuKQvdqSWOpn7ZVQo4S33O0vCfPBnUSf7FwE0zNCasqwZVUaCXePuWo5HBpWw68KJcwObZDHpFk6HKH6MYQ==",
      "requires": {
        "graphology-utils": "^2.4.2",
        "mnemonist": "^0.39.0"
      }
    },
    "graphology-layout-forceatlas2": {
      "version": "0.9.2",
      "resolved": "https://registry.npmjs.org/graphology-layout-forceatlas2/-/graphology-layout-forceatlas2-0.9.2.tgz",
      "integrity": "sha512-VUF1xGnoq5qT0Svo03Bn4a31bA1ofPjakwpILD72J2N5t6g66hLQq/r8TKIx041DN7DATQZ0v6LnrA6Iyqs/Ow==",
      "requires": {
        "graphology-utils": "^2.1.0"
      }
    },
    "graphology-metrics": {
      "version": "2.1.0",
      "resolved": "https://registry.npmjs.org/graphology-metrics/-/graphology-metrics-2.1.0.tgz",
      "integrity": "sha512-E+y4kgVGxhYl/+bPHEftJeWLS8LgVno4/Wvg+C7IoDIjY6OlIZghgMKDR8LKsxU6GC43mlx08FTZs229cvEkwQ==",
      "requires": {
        "graphology-shortest-path": "^2.0.0",
        "graphology-utils": "^2.4.4",
        "mnemonist": "^0.39.0"
      }
    },
    "graphology-operators": {
      "version": "1.6.0",
      "resolved": "https://registry.npmjs.org/graphology-operators/-/graphology-operators-1.6.0.tgz",
      "integrity": "sha512-yfnVNsFd6plBw7r6Td4luGlNoQn9MKI56EZ/NcFcRmvu/D1R8eWHjpipNUdBjl5MVV8iSW8e/XuY8YsjRDnLoA==",
      "requires": {
        "graphology-utils": "^2.0.0"
      }
    },
    "graphology-shortest-path": {
      "version": "2.0.1",
      "resolved": "https://registry.npmjs.org/graphology-shortest-path/-/graphology-shortest-path-2.0.1.tgz",
      "integrity": "sha512-IYDbhK5EO+eiHjEXL0S+kcxeKYq6eFAfekeGA4YxH+XiAFV4UjeOWnjS0KjxD5+guoDwZYG7jXySExrV93YukQ==",
      "requires": {
        "@yomguithereal/helpers": "^1.1.1",
        "graphology-indices": "^0.17.0",
        "graphology-utils": "^2.4.3",
        "mnemonist": "^0.39.0"
      }
    },
    "graphology-types": {
      "version": "0.24.4",
      "resolved": "https://registry.npmjs.org/graphology-types/-/graphology-types-0.24.4.tgz",
      "integrity": "sha512-CSgmycWiviCctMFO86YoUTJN1t4/PLKC5Pos2Hite+7kCUXTr+mGlDUAOgpcKG1IfFaeL9VDmTjFpzs2rTnPWw==",
      "peer": true
    },
    "graphology-utils": {
      "version": "2.5.2",
      "resolved": "https://registry.npmjs.org/graphology-utils/-/graphology-utils-2.5.2.tgz",
      "integrity": "sha512-ckHg8MXrXJkOARk56ZaSCM1g1Wihe2d6iTmz1enGOz4W/l831MBCKSayeFQfowgF8wd+PQ4rlch/56Vs/VZLDQ==",
      "requires": {}
    },
    "mnemonist": {
      "version": "0.39.2",
      "resolved": "https://registry.npmjs.org/mnemonist/-/mnemonist-0.39.2.tgz",
      "integrity": "sha512-n3ZCEosuMH03DVivZ9N0fcXPWiZrBLEdfSlEJ+S/mJxmk3zuo1ur0dj9URDczFyP1VS3wfiyKzqLLDXoPJ6rPA==",
      "requires": {
        "obliterator": "^2.0.1"
      }
    },
    "obliterator": {
      "version": "2.0.4",
      "resolved": "https://registry.npmjs.org/obliterator/-/obliterator-2.0.4.tgz",
      "integrity": "sha512-lgHwxlxV1qIg1Eap7LgIeoBWIMFibOjbrYPIPJZcI1mmGAI2m3lNYpK12Y+GBdPQ0U1hRwSord7GIaawz962qQ=="
    },
    "pandemonium": {
      "version": "2.3.0",
      "resolved": "https://registry.npmjs.org/pandemonium/-/pandemonium-2.3.0.tgz",
      "integrity": "sha512-/+5rFCn3npqNwAvhKOSRKwAnEWQeXH4xFuur7vWKlj5Z7AM2JNJt1tC2rptfm1M7t7OlXAyeBuRjspqe+gQGHA==",
      "requires": {
        "mnemonist": "^0.39.0"
      }
    },
    "xml-writer": {
      "version": "1.7.0",
      "resolved": "https://registry.npmjs.org/xml-writer/-/xml-writer-1.7.0.tgz",
      "integrity": "sha512-elFVMRiV5jb59fbc87zzVa0C01QLBEWP909mRuWqFqrYC5wNTH5QW4AaKMNv7d6zAsuOulkD7wnztZNLQW0Nfg=="
    }
  }
}
